
Microsoft Visual Studio Solution File, Format Version 12.00
# Visual Studio Version 17
VisualStudioVersion = 17.8.34511.84
MinimumVisualStudioVersion = 10.0.40219.1
Project("{9A19103F-16F7-4668-BE54-9A1E7A4F7556}") = "Day1", "Day1\Day1.csproj", "{79CD6398-D590-4D20-A075-79A8B695F9BE}"
EndProject
Project("{9A19103F-16F7-4668-BE54-9A1E7A4F7556}") = "Day1Tests.Unit", "Day1Tests.Unit\Day1Tests.Unit.csproj", "{6EA0A977-F84F-433C-BA5D-C51E6C9A91E9}"
EndProject
Project("{9A19103F-16F7-4668-BE54-9A1E7A4F7556}") = "Day2", "Day2\Day2.csproj", "{1A3A926C-0465-4246-AA78-909753DC78A4}"
EndProject
Project("{9A19103F-16F7-4668-BE54-9A1E7A4F7556}") = "Day2Tests.Unit", "Day2Tests.Unit\Day2Tests.Unit.csproj", "{7F47F8D6-C0B6-4132-A878-E27CD3312E21}"
EndProject
Project("{9A19103F-16F7-4668-BE54-9A1E7A4F7556}") = "Day3", "Day3\Day3.csproj", "{30DF9BA8-05E6-41EB-9F9A-6150D7FEF7DA}"
EndProject
Project("{9A19103F-16F7-4668-BE54-9A1E7A4F7556}") = "Day3Tests.Unit", "Day3Tests.Unit\Day3Tests.Unit.csproj", "{0BE5633F-B736-42ED-B257-D1F39B1DA1F9}"
EndProject
Project("{FAE04EC0-301F-11D3-BF4B-00C04F79EFBC}") = "Day4", "Day4\Day4.csproj", "{5C70C954-2CE1-4B00-B0FA-4344430B90C1}"
EndProject
Project("{FAE04EC0-301F-11D3-BF4B-00C04F79EFBC}") = "Day4Tests.Unit", "Day4Tests.Unit\Day4Tests.Unit.csproj", "{98399A54-C4FD-46A7-837D-7709301094F4}"
EndProject
Global
	GlobalSection(SolutionConfigurationPlatforms) = preSolution
		Debug|Any CPU = Debug|Any CPU
		Release|Any CPU = Release|Any CPU
	EndGlobalSection
	GlobalSection(ProjectConfigurationPlatforms) = postSolution
		{79CD6398-D590-4D20-A075-79A8B695F9BE}.Debug|Any CPU.ActiveCfg = Debug|Any CPU
		{79CD6398-D590-4D20-A075-79A8B695F9BE}.Debug|Any CPU.Build.0 = Debug|Any CPU
		{79CD6398-D590-4D20-A075-79A8B695F9BE}.Release|Any CPU.ActiveCfg = Release|Any CPU
		{79CD6398-D590-4D20-A075-79A8B695F9BE}.Release|Any CPU.Build.0 = Release|Any CPU
		{6EA0A977-F84F-433C-BA5D-C51E6C9A91E9}.Debug|Any CPU.ActiveCfg = Debug|Any CPU
		{6EA0A977-F84F-433C-BA5D-C51E6C9A91E9}.Debug|Any CPU.Build.0 = Debug|Any CPU
		{6EA0A977-F84F-433C-BA5D-C51E6C9A91E9}.Release|Any CPU.ActiveCfg = Release|Any CPU
		{6EA0A977-F84F-433C-BA5D-C51E6C9A91E9}.Release|Any CPU.Build.0 = Release|Any CPU
		{1A3A926C-0465-4246-AA78-909753DC78A4}.Debug|Any CPU.ActiveCfg = Debug|Any CPU
		{1A3A926C-0465-4246-AA78-909753DC78A4}.Debug|Any CPU.Build.0 = Debug|Any CPU
		{1A3A926C-0465-4246-AA78-909753DC78A4}.Release|Any CPU.ActiveCfg = Release|Any CPU
		{1A3A926C-0465-4246-AA78-909753DC78A4}.Release|Any CPU.Build.0 = Release|Any CPU
		{7F47F8D6-C0B6-4132-A878-E27CD3312E21}.Debug|Any CPU.ActiveCfg = Debug|Any CPU
		{7F47F8D6-C0B6-4132-A878-E27CD3312E21}.Debug|Any CPU.Build.0 = Debug|Any CPU
		{7F47F8D6-C0B6-4132-A878-E27CD3312E21}.Release|Any CPU.ActiveCfg = Release|Any CPU
		{7F47F8D6-C0B6-4132-A878-E27CD3312E21}.Release|Any CPU.Build.0 = Release|Any CPU
		{30DF9BA8-05E6-41EB-9F9A-6150D7FEF7DA}.Debug|Any CPU.ActiveCfg = Debug|Any CPU
		{30DF9BA8-05E6-41EB-9F9A-6150D7FEF7DA}.Debug|Any CPU.Build.0 = Debug|Any CPU
		{30DF9BA8-05E6-41EB-9F9A-6150D7FEF7DA}.Release|Any CPU.ActiveCfg = Release|Any CPU
		{30DF9BA8-05E6-41EB-9F9A-6150D7FEF7DA}.Release|Any CPU.Build.0 = Release|Any CPU
		{0BE5633F-B736-42ED-B257-D1F39B1DA1F9}.Debug|Any CPU.ActiveCfg = Debug|Any CPU
		{0BE5633F-B736-42ED-B257-D1F39B1DA1F9}.Debug|Any CPU.Build.0 = Debug|Any CPU
		{0BE5633F-B736-42ED-B257-D1F39B1DA1F9}.Release|Any CPU.ActiveCfg = Release|Any CPU
		{0BE5633F-B736-42ED-B257-D1F39B1DA1F9}.Release|Any CPU.Build.0 = Release|Any CPU
		{5C70C954-2CE1-4B00-B0FA-4344430B90C1}.Debug|Any CPU.ActiveCfg = Debug|Any CPU
		{5C70C954-2CE1-4B00-B0FA-4344430B90C1}.Debug|Any CPU.Build.0 = Debug|Any CPU
		{5C70C954-2CE1-4B00-B0FA-4344430B90C1}.Release|Any CPU.ActiveCfg = Release|Any CPU
		{5C70C954-2CE1-4B00-B0FA-4344430B90C1}.Release|Any CPU.Build.0 = Release|Any CPU
		{98399A54-C4FD-46A7-837D-7709301094F4}.Debug|Any CPU.ActiveCfg = Debug|Any CPU
		{98399A54-C4FD-46A7-837D-7709301094F4}.Debug|Any CPU.Build.0 = Debug|Any CPU
		{98399A54-C4FD-46A7-837D-7709301094F4}.Release|Any CPU.ActiveCfg = Release|Any CPU
		{98399A54-C4FD-46A7-837D-7709301094F4}.Release|Any CPU.Build.0 = Release|Any CPU
	EndGlobalSection
	GlobalSection(SolutionProperties) = preSolution
		HideSolutionNode = FALSE
	EndGlobalSection
	GlobalSection(ExtensibilityGlobals) = postSolution
		SolutionGuid = {3B35A016-025F-492F-9AD4-1623133D74CC}
	EndGlobalSection
EndGlobal
